
Microsoft Visual Studio Solution File, Format Version 12.00
# Visual Studio Version 16
VisualStudioVersion = 16.0.33130.400
MinimumVisualStudioVersion = 10.0.40219.1
Project("{FAE04EC0-301F-11D3-BF4B-00C04F79EFBC}") = "GsbVille", "GsbVille\GsbVille.csproj", "{9733AA65-4609-4B42-B056-0E07BA1FB559}"
EndProject
Global
	GlobalSection(SolutionConfigurationPlatforms) = preSolution
		Debug|Any CPU = Debug|Any CPU
		Release|Any CPU = Release|Any CPU
	EndGlobalSection
	GlobalSection(ProjectConfigurationPlatforms) = postSolution
		{9733AA65-4609-4B42-B056-0E07BA1FB559}.Debug|Any CPU.ActiveCfg = Debug|Any CPU
		{9733AA65-4609-4B42-B056-0E07BA1FB559}.Debug|Any CPU.Build.0 = Debug|Any CPU
		{9733AA65-4609-4B42-B056-0E07BA1FB559}.Release|Any CPU.ActiveCfg = Release|Any CPU
		{9733AA65-4609-4B42-B056-0E07BA1FB559}.Release|Any CPU.Build.0 = Release|Any CPU
	EndGlobalSection
	GlobalSection(SolutionProperties) = preSolution
		HideSolutionNode = FALSE
	EndGlobalSection
	GlobalSection(ExtensibilityGlobals) = postSolution
		SolutionGuid = {5CB6779D-C403-49AA-9932-B2D8C9CD765A}
	EndGlobalSection
EndGlobal
